// !$*UTF8*$!
{
	archiveVersion = 1;
	classes = {
	};
	objectVersion = 50;
	objects = {

/* Begin PBXBuildFile section */
		84C3AB3C2614DD9E008ABF3C /* TodoListApp.swift in Sources */ = {isa = PBXBuildFile; fileRef = 84C3AB3B2614DD9E008ABF3C /* TodoListApp.swift */; };
		84C3AB3E2614DD9E008ABF3C /* TodoListView.swift in Sources */ = {isa = PBXBuildFile; fileRef = 84C3AB3D2614DD9E008ABF3C /* TodoListView.swift */; };
		84C3AB402614DD9F008ABF3C /* Assets.xcassets in Resources */ = {isa = PBXBuildFile; fileRef = 84C3AB3F2614DD9F008ABF3C /* Assets.xcassets */; };
		84C3AB432614DD9F008ABF3C /* Preview Assets.xcassets in Resources */ = {isa = PBXBuildFile; fileRef = 84C3AB422614DD9F008ABF3C /* Preview Assets.xcassets */; };
		84FFE9752615BCD50047F635 /* Todo.swift in Sources */ = {isa = PBXBuildFile; fileRef = 84FFE9742615BCD50047F635 /* Todo.swift */; };
		84FFE9782615BD160047F635 /* TodoListManager.swift in Sources */ = {isa = PBXBuildFile; fileRef = 84FFE9772615BD160047F635 /* TodoListManager.swift */; };
		84FFE9832615D0FE0047F635 /* TodoListTests.swift in Sources */ = {isa = PBXBuildFile; fileRef = 84FFE9822615D0FE0047F635 /* TodoListTests.swift */; };
/* End PBXBuildFile section */

/* Begin PBXContainerItemProxy section */
		84FFE9852615D0FE0047F635 /* PBXContainerItemProxy */ = {
			isa = PBXContainerItemProxy;
			containerPortal = 84C3AB302614DD9E008ABF3C /* Project object */;
			proxyType = 1;
			remoteGlobalIDString = 84C3AB372614DD9E008ABF3C;
			remoteInfo = TodoList;
		};
/* End PBXContainerItemProxy section */

/* Begin PBXFileReference section */
		84C3AB382614DD9E008ABF3C /* TodoList.app */ = {isa = PBXFileReference; explicitFileType = wrapper.application; includeInIndex = 0; path = TodoList.app; sourceTree = BUILT_PRODUCTS_DIR; };
		84C3AB3B2614DD9E008ABF3C /* TodoListApp.swift */ = {isa = PBXFileReference; lastKnownFileType = sourcecode.swift; path = TodoListApp.swift; sourceTree = "<group>"; };
		84C3AB3D2614DD9E008ABF3C /* TodoListView.swift */ = {isa = PBXFileReference; lastKnownFileType = sourcecode.swift; path = TodoListView.swift; sourceTree = "<group>"; };
		84C3AB3F2614DD9F008ABF3C /* Assets.xcassets */ = {isa = PBXFileReference; lastKnownFileType = folder.assetcatalog; path = Assets.xcassets; sourceTree = "<group>"; };
		84C3AB422614DD9F008ABF3C /* Preview Assets.xcassets */ = {isa = PBXFileReference; lastKnownFileType = folder.assetcatalog; path = "Preview Assets.xcassets"; sourceTree = "<group>"; };
		84C3AB442614DD9F008ABF3C /* Info.plist */ = {isa = PBXFileReference; lastKnownFileType = text.plist.xml; path = Info.plist; sourceTree = "<group>"; };
		84FFE9742615BCD50047F635 /* Todo.swift */ = {isa = PBXFileReference; lastKnownFileType = sourcecode.swift; path = Todo.swift; sourceTree = "<group>"; };
		84FFE9772615BD160047F635 /* TodoListManager.swift */ = {isa = PBXFileReference; lastKnownFileType = sourcecode.swift; path = TodoListManager.swift; sourceTree = "<group>"; };
		84FFE9802615D0FE0047F635 /* TodoListTests.xctest */ = {isa = PBXFileReference; explicitFileType = wrapper.cfbundle; includeInIndex = 0; path = TodoListTests.xctest; sourceTree = BUILT_PRODUCTS_DIR; };
		84FFE9822615D0FE0047F635 /* TodoListTests.swift */ = {isa = PBXFileReference; lastKnownFileType = sourcecode.swift; path = TodoListTests.swift; sourceTree = "<group>"; };
		84FFE9842615D0FE0047F635 /* Info.plist */ = {isa = PBXFileReference; lastKnownFileType = text.plist.xml; path = Info.plist; sourceTree = "<group>"; };
/* End PBXFileReference section */

/* Begin PBXFrameworksBuildPhase section */
		84C3AB352614DD9E008ABF3C /* Frameworks */ = {
			isa = PBXFrameworksBuildPhase;
			buildActionMask = 2147483647;
			files = (
			);
			runOnlyForDeploymentPostprocessing = 0;
		};
		84FFE97D2615D0FE0047F635 /* Frameworks */ = {
			isa = PBXFrameworksBuildPhase;
			buildActionMask = 2147483647;
			files = (
			);
			runOnlyForDeploymentPostprocessing = 0;
		};
/* End PBXFrameworksBuildPhase section */

/* Begin PBXGroup section */
		84C3AB2F2614DD9E008ABF3C = {
			isa = PBXGroup;
			children = (
				84C3AB3A2614DD9E008ABF3C /* TodoList */,
				84FFE9812615D0FE0047F635 /* TodoListTests */,
				84C3AB392614DD9E008ABF3C /* Products */,
			);
			sourceTree = "<group>";
		};
		84C3AB392614DD9E008ABF3C /* Products */ = {
			isa = PBXGroup;
			children = (
				84C3AB382614DD9E008ABF3C /* TodoList.app */,
				84FFE9802615D0FE0047F635 /* TodoListTests.xctest */,
			);
			name = Products;
			sourceTree = "<group>";
		};
		84C3AB3A2614DD9E008ABF3C /* TodoList */ = {
			isa = PBXGroup;
			children = (
				84FFE9732615BCC00047F635 /* View */,
				84FFE9722615BCB60047F635 /* View Model */,
				84FFE9712615BCA90047F635 /* Model */,
				84C3AB3B2614DD9E008ABF3C /* TodoListApp.swift */,
				84C3AB3F2614DD9F008ABF3C /* Assets.xcassets */,
				84C3AB442614DD9F008ABF3C /* Info.plist */,
				84C3AB412614DD9F008ABF3C /* Preview Content */,
			);
			path = TodoList;
			sourceTree = "<group>";
		};
		84C3AB412614DD9F008ABF3C /* Preview Content */ = {
			isa = PBXGroup;
			children = (
				84C3AB422614DD9F008ABF3C /* Preview Assets.xcassets */,
			);
			path = "Preview Content";
			sourceTree = "<group>";
		};
		84FFE9712615BCA90047F635 /* Model */ = {
			isa = PBXGroup;
			children = (
				84FFE9742615BCD50047F635 /* Todo.swift */,
			);
			path = Model;
			sourceTree = "<group>";
		};
		84FFE9722615BCB60047F635 /* View Model */ = {
			isa = PBXGroup;
			children = (
				84FFE9772615BD160047F635 /* TodoListManager.swift */,
			);
			path = "View Model";
			sourceTree = "<group>";
		};
		84FFE9732615BCC00047F635 /* View */ = {
			isa = PBXGroup;
			children = (
				84C3AB3D2614DD9E008ABF3C /* TodoListView.swift */,
			);
			path = View;
			sourceTree = "<group>";
		};
		84FFE9812615D0FE0047F635 /* TodoListTests */ = {
			isa = PBXGroup;
			children = (
				84FFE9822615D0FE0047F635 /* TodoListTests.swift */,
				84FFE9842615D0FE0047F635 /* Info.plist */,
			);
			path = TodoListTests;
			sourceTree = "<group>";
		};
/* End PBXGroup section */

/* Begin PBXNativeTarget section */
		84C3AB372614DD9E008ABF3C /* TodoList */ = {
			isa = PBXNativeTarget;
			buildConfigurationList = 84C3AB472614DD9F008ABF3C /* Build configuration list for PBXNativeTarget "TodoList" */;
			buildPhases = (
				84C3AB342614DD9E008ABF3C /* Sources */,
				84C3AB352614DD9E008ABF3C /* Frameworks */,
				84C3AB362614DD9E008ABF3C /* Resources */,
			);
			buildRules = (
			);
			dependencies = (
			);
			name = TodoList;
			productName = TodoList;
			productReference = 84C3AB382614DD9E008ABF3C /* TodoList.app */;
			productType = "com.apple.product-type.application";
		};
		84FFE97F2615D0FE0047F635 /* TodoListTests */ = {
			isa = PBXNativeTarget;
			buildConfigurationList = 84FFE9892615D0FE0047F635 /* Build configuration list for PBXNativeTarget "TodoListTests" */;
			buildPhases = (
				84FFE97C2615D0FE0047F635 /* Sources */,
				84FFE97D2615D0FE0047F635 /* Frameworks */,
				84FFE97E2615D0FE0047F635 /* Resources */,
			);
			buildRules = (
			);
			dependencies = (
				84FFE9862615D0FE0047F635 /* PBXTargetDependency */,
			);
			name = TodoListTests;
			productName = TodoListTests;
			productReference = 84FFE9802615D0FE0047F635 /* TodoListTests.xctest */;
			productType = "com.apple.product-type.bundle.unit-test";
		};
/* End PBXNativeTarget section */

/* Begin PBXProject section */
		84C3AB302614DD9E008ABF3C /* Project object */ = {
			isa = PBXProject;
			attributes = {
				LastSwiftUpdateCheck = 1240;
				LastUpgradeCheck = 1240;
				TargetAttributes = {
					84C3AB372614DD9E008ABF3C = {
						CreatedOnToolsVersion = 12.4;
					};
					84FFE97F2615D0FE0047F635 = {
						CreatedOnToolsVersion = 12.4;
						TestTargetID = 84C3AB372614DD9E008ABF3C;
					};
				};
			};
			buildConfigurationList = 84C3AB332614DD9E008ABF3C /* Build configuration list for PBXProject "TodoList" */;
			compatibilityVersion = "Xcode 9.3";
			developmentRegion = en;
			hasScannedForEncodings = 0;
			knownRegions = (
				en,
				Base,
			);
			mainGroup = 84C3AB2F2614DD9E008ABF3C;
			productRefGroup = 84C3AB392614DD9E008ABF3C /* Products */;
			projectDirPath = "";
			projectRoot = "";
			targets = (
				84C3AB372614DD9E008ABF3C /* TodoList */,
				84FFE97F2615D0FE0047F635 /* TodoListTests */,
			);
		};
/* End PBXProject section */

/* Begin PBXResourcesBuildPhase section */
		84C3AB362614DD9E008ABF3C /* Resources */ = {
			isa = PBXResourcesBuildPhase;
			buildActionMask = 2147483647;
			files = (
				84C3AB432614DD9F008ABF3C /* Preview Assets.xcassets in Resources */,
				84C3AB402614DD9F008ABF3C /* Assets.xcassets in Resources */,
			);
			runOnlyForDeploymentPostprocessing = 0;
		};
		84FFE97E2615D0FE0047F635 /* Resources */ = {
			isa = PBXResourcesBuildPhase;
			buildActionMask = 2147483647;
			files = (
			);
			runOnlyForDeploymentPostprocessing = 0;
		};
/* End PBXResourcesBuildPhase section */

/* Begin PBXSourcesBuildPhase section */
		84C3AB342614DD9E008ABF3C /* Sources */ = {
			isa = PBXSourcesBuildPhase;
			buildActionMask = 2147483647;
			files = (
				84C3AB3E2614DD9E008ABF3C /* TodoListView.swift in Sources */,
				84FFE9782615BD160047F635 /* TodoListManager.swift in Sources */,
				84FFE9752615BCD50047F635 /* Todo.swift in Sources */,
				84C3AB3C2614DD9E008ABF3C /* TodoListApp.swift in Sources */,
			);
			runOnlyForDeploymentPostprocessing = 0;
		};
		84FFE97C2615D0FE0047F635 /* Sources */ = {
			isa = PBXSourcesBuildPhase;
			buildActionMask = 2147483647;
			files = (
				84FFE9832615D0FE0047F635 /* TodoListTests.swift in Sources */,
			);
			runOnlyForDeploymentPostprocessing = 0;
		};
/* End PBXSourcesBuildPhase section */

/* Begin PBXTargetDependency section */
		84FFE9862615D0FE0047F635 /* PBXTargetDependency */ = {
			isa = PBXTargetDependency;
			target = 84C3AB372614DD9E008ABF3C /* TodoList */;
			targetProxy = 84FFE9852615D0FE0047F635 /* PBXContainerItemProxy */;
		};
/* End PBXTargetDependency section */

/* Begin XCBuildConfiguration section */
		84C3AB452614DD9F008ABF3C /* Debug */ = {
			isa = XCBuildConfiguration;
			buildSettings = {
				ALWAYS_SEARCH_USER_PATHS = NO;
				CLANG_ANALYZER_NONNULL = YES;
				CLANG_ANALYZER_NUMBER_OBJECT_CONVERSION = YES_AGGRESSIVE;
				CLANG_CXX_LANGUAGE_STANDARD = "gnu++14";
				CLANG_CXX_LIBRARY = "libc++";
				CLANG_ENABLE_MODULES = YES;
				CLANG_ENABLE_OBJC_ARC = YES;
				CLANG_ENABLE_OBJC_WEAK = YES;
				CLANG_WARN_BLOCK_CAPTURE_AUTORELEASING = YES;
				CLANG_WARN_BOOL_CONVERSION = YES;
				CLANG_WARN_COMMA = YES;
				CLANG_WARN_CONSTANT_CONVERSION = YES;
				CLANG_WARN_DEPRECATED_OBJC_IMPLEMENTATIONS = YES;
				CLANG_WARN_DIRECT_OBJC_ISA_USAGE = YES_ERROR;
				CLANG_WARN_DOCUMENTATION_COMMENTS = YES;
				CLANG_WARN_EMPTY_BODY = YES;
				CLANG_WARN_ENUM_CONVERSION = YES;
				CLANG_WARN_INFINITE_RECURSION = YES;
				CLANG_WARN_INT_CONVERSION = YES;
				CLANG_WARN_NON_LITERAL_NULL_CONVERSION = YES;
				CLANG_WARN_OBJC_IMPLICIT_RETAIN_SELF = YES;
				CLANG_WARN_OBJC_LITERAL_CONVERSION = YES;
				CLANG_WARN_OBJC_ROOT_CLASS = YES_ERROR;
				CLANG_WARN_QUOTED_INCLUDE_IN_FRAMEWORK_HEADER = YES;
				CLANG_WARN_RANGE_LOOP_ANALYSIS = YES;
				CLANG_WARN_STRICT_PROTOTYPES = YES;
				CLANG_WARN_SUSPICIOUS_MOVE = YES;
				CLANG_WARN_UNGUARDED_AVAILABILITY = YES_AGGRESSIVE;
				CLANG_WARN_UNREACHABLE_CODE = YES;
				CLANG_WARN__DUPLICATE_METHOD_MATCH = YES;
				COPY_PHASE_STRIP = NO;
				DEBUG_INFORMATION_FORMAT = dwarf;
				ENABLE_STRICT_OBJC_MSGSEND = YES;
				ENABLE_TESTABILITY = YES;
				GCC_C_LANGUAGE_STANDARD = gnu11;
				GCC_DYNAMIC_NO_PIC = NO;
				GCC_NO_COMMON_BLOCKS = YES;
				GCC_OPTIMIZATION_LEVEL = 0;
				GCC_PREPROCESSOR_DEFINITIONS = (
					"DEBUG=1",
					"$(inherited)",
				);
				GCC_WARN_64_TO_32_BIT_CONVERSION = YES;
				GCC_WARN_ABOUT_RETURN_TYPE = YES_ERROR;
				GCC_WARN_UNDECLARED_SELECTOR = YES;
				GCC_WARN_UNINITIALIZED_AUTOS = YES_AGGRESSIVE;
				GCC_WARN_UNUSED_FUNCTION = YES;
				GCC_WARN_UNUSED_VARIABLE = YES;
				IPHONEOS_DEPLOYMENT_TARGET = 14.4;
				MTL_ENABLE_DEBUG_INFO = INCLUDE_SOURCE;
				MTL_FAST_MATH = YES;
				ONLY_ACTIVE_ARCH = YES;
				SDKROOT = iphoneos;
				SWIFT_ACTIVE_COMPILATION_CONDITIONS = DEBUG;
				SWIFT_OPTIMIZATION_LEVEL = "-Onone";
			};
			name = Debug;
		};
		84C3AB462614DD9F008ABF3C /* Release */ = {
			isa = XCBuildConfiguration;
			buildSettings = {
				ALWAYS_SEARCH_USER_PATHS = NO;
				CLANG_ANALYZER_NONNULL = YES;
				CLANG_ANALYZER_NUMBER_OBJECT_CONVERSION = YES_AGGRESSIVE;
				CLANG_CXX_LANGUAGE_STANDARD = "gnu++14";
				CLANG_CXX_LIBRARY = "libc++";
				CLANG_ENABLE_MODULES = YES;
				CLANG_ENABLE_OBJC_ARC = YES;
				CLANG_ENABLE_OBJC_WEAK = YES;
				CLANG_WARN_BLOCK_CAPTURE_AUTORELEASING = YES;
				CLANG_WARN_BOOL_CONVERSION = YES;
				CLANG_WARN_COMMA = YES;
				CLANG_WARN_CONSTANT_CONVERSION = YES;
				CLANG_WARN_DEPRECATED_OBJC_IMPLEMENTATIONS = YES;
				CLANG_WARN_DIRECT_OBJC_ISA_USAGE = YES_ERROR;
				CLANG_WARN_DOCUMENTATION_COMMENTS = YES;
				CLANG_WARN_EMPTY_BODY = YES;
				CLANG_WARN_ENUM_CONVERSION = YES;
				CLANG_WARN_INFINITE_RECURSION = YES;
				CLANG_WARN_INT_CONVERSION = YES;
				CLANG_WARN_NON_LITERAL_NULL_CONVERSION = YES;
				CLANG_WARN_OBJC_IMPLICIT_RETAIN_SELF = YES;
				CLANG_WARN_OBJC_LITERAL_CONVERSION = YES;
				CLANG_WARN_OBJC_ROOT_CLASS = YES_ERROR;
				CLANG_WARN_QUOTED_INCLUDE_IN_FRAMEWORK_HEADER = YES;
				CLANG_WARN_RANGE_LOOP_ANALYSIS = YES;
				CLANG_WARN_STRICT_PROTOTYPES = YES;
				CLANG_WARN_SUSPICIOUS_MOVE = YES;
				CLANG_WARN_UNGUARDED_AVAILABILITY = YES_AGGRESSIVE;
				CLANG_WARN_UNREACHABLE_CODE = YES;
				CLANG_WARN__DUPLICATE_METHOD_MATCH = YES;
				COPY_PHASE_STRIP = NO;
				DEBUG_INFORMATION_FORMAT = "dwarf-with-dsym";
				ENABLE_NS_ASSERTIONS = NO;
				ENABLE_STRICT_OBJC_MSGSEND = YES;
				GCC_C_LANGUAGE_STANDARD = gnu11;
				GCC_NO_COMMON_BLOCKS = YES;
				GCC_WARN_64_TO_32_BIT_CONVERSION = YES;
				GCC_WARN_ABOUT_RETURN_TYPE = YES_ERROR;
				GCC_WARN_UNDECLARED_SELECTOR = YES;
				GCC_WARN_UNINITIALIZED_AUTOS = YES_AGGRESSIVE;
				GCC_WARN_UNUSED_FUNCTION = YES;
				GCC_WARN_UNUSED_VARIABLE = YES;
				IPHONEOS_DEPLOYMENT_TARGET = 14.4;
				MTL_ENABLE_DEBUG_INFO = NO;
				MTL_FAST_MATH = YES;
				SDKROOT = iphoneos;
				SWIFT_COMPILATION_MODE = wholemodule;
				SWIFT_OPTIMIZATION_LEVEL = "-O";
				VALIDATE_PRODUCT = YES;
			};
			name = Release;
		};
		84C3AB482614DD9F008ABF3C /* Debug */ = {
			isa = XCBuildConfiguration;
			buildSettings = {
				ASSETCATALOG_COMPILER_APPICON_NAME = AppIcon;
				ASSETCATALOG_COMPILER_GLOBAL_ACCENT_COLOR_NAME = AccentColor;
				CODE_SIGN_STYLE = Automatic;
				DEVELOPMENT_ASSET_PATHS = "\"TodoList/Preview Content\"";
				ENABLE_PREVIEWS = YES;
				INFOPLIST_FILE = TodoList/Info.plist;
				IPHONEOS_DEPLOYMENT_TARGET = 14.0;
				LD_RUNPATH_SEARCH_PATHS = (
					"$(inherited)",
					"@executable_path/Frameworks",
				);
				PRODUCT_BUNDLE_IDENTIFIER = com.reait.nith.TodoList;
				PRODUCT_NAME = "$(TARGET_NAME)";
				SWIFT_VERSION = 5.0;
				TARGETED_DEVICE_FAMILY = "1,2";
			};
			name = Debug;
		};
		84C3AB492614DD9F008ABF3C /* Release */ = {
			isa = XCBuildConfiguration;
			buildSettings = {
				ASSETCATALOG_COMPILER_APPICON_NAME = AppIcon;
				ASSETCATALOG_COMPILER_GLOBAL_ACCENT_COLOR_NAME = AccentColor;
				CODE_SIGN_STYLE = Automatic;
				DEVELOPMENT_ASSET_PATHS = "\"TodoList/Preview Content\"";
				ENABLE_PREVIEWS = YES;
				INFOPLIST_FILE = TodoList/Info.plist;
				IPHONEOS_DEPLOYMENT_TARGET = 14.0;
				LD_RUNPATH_SEARCH_PATHS = (
					"$(inherited)",
					"@executable_path/Frameworks",
				);
				PRODUCT_BUNDLE_IDENTIFIER = com.reait.nith.TodoList;
				PRODUCT_NAME = "$(TARGET_NAME)";
				SWIFT_VERSION = 5.0;
				TARGETED_DEVICE_FAMILY = "1,2";
			};
			name = Release;
		};
		84FFE9872615D0FE0047F635 /* Debug */ = {
			isa = XCBuildConfiguration;
			buildSettings = {
				BUNDLE_LOADER = "$(TEST_HOST)";
				CODE_SIGN_STYLE = Automatic;
				INFOPLIST_FILE = TodoListTests/Info.plist;
				LD_RUNPATH_SEARCH_PATHS = (
					"$(inherited)",
					"@executable_path/Frameworks",
					"@loader_path/Frameworks",
				);
				PRODUCT_BUNDLE_IDENTIFIER = com.reait.nith.TodoListTests;
				PRODUCT_NAME = "$(TARGET_NAME)";
				SWIFT_VERSION = 5.0;
				TARGETED_DEVICE_FAMILY = "1,2";
				TEST_HOST = "$(BUILT_PRODUCTS_DIR)/TodoList.app/TodoList";
			};
			name = Debug;
		};
		84FFE9882615D0FE0047F635 /* Release */ = {
			isa = XCBuildConfiguration;
			buildSettings = {
				BUNDLE_LOADER = "$(TEST_HOST)";
				CODE_SIGN_STYLE = Automatic;
				INFOPLIST_FILE = TodoListTests/Info.plist;
				LD_RUNPATH_SEARCH_PATHS = (
					"$(inherited)",
					"@executable_path/Frameworks",
					"@loader_path/Frameworks",
				);
				PRODUCT_BUNDLE_IDENTIFIER = com.reait.nith.TodoListTests;
				PRODUCT_NAME = "$(TARGET_NAME)";
				SWIFT_VERSION = 5.0;
				TARGETED_DEVICE_FAMILY = "1,2";
				TEST_HOST = "$(BUILT_PRODUCTS_DIR)/TodoList.app/TodoList";
			};
			name = Release;
		};
/* End XCBuildConfiguration section */

/* Begin XCConfigurationList section */
		84C3AB332614DD9E008ABF3C /* Build configuration list for PBXProject "TodoList" */ = {
			isa = XCConfigurationList;
			buildConfigurations = (
				84C3AB452614DD9F008ABF3C /* Debug */,
				84C3AB462614DD9F008ABF3C /* Release */,
			);
			defaultConfigurationIsVisible = 0;
			defaultConfigurationName = Release;
		};
		84C3AB472614DD9F008ABF3C /* Build configuration list for PBXNativeTarget "TodoList" */ = {
			isa = XCConfigurationList;
			buildConfigurations = (
				84C3AB482614DD9F008ABF3C /* Debug */,
				84C3AB492614DD9F008ABF3C /* Release */,
			);
			defaultConfigurationIsVisible = 0;
			defaultConfigurationName = Release;
		};
		84FFE9892615D0FE0047F635 /* Build configuration list for PBXNativeTarget "TodoListTests" */ = {
			isa = XCConfigurationList;
			buildConfigurations = (
				84FFE9872615D0FE0047F635 /* Debug */,
				84FFE9882615D0FE0047F635 /* Release */,
			);
			defaultConfigurationIsVisible = 0;
			defaultConfigurationName = Release;
		};
/* End XCConfigurationList section */
	};
	rootObject = 84C3AB302614DD9E008ABF3C /* Project object */;
}
